// !$*UTF8*$!
{
	archiveVersion = 1;
	classes = {
	};
	objectVersion = 50;
	objects = {

/* Begin PBXBuildFile section */
		A583C93226E3F24300FBC41E /* AppDelegate.swift in Sources */ = {isa = PBXBuildFile; fileRef = A583C93126E3F24300FBC41E /* AppDelegate.swift */; };
		A583C93426E3F24300FBC41E /* SceneDelegate.swift in Sources */ = {isa = PBXBuildFile; fileRef = A583C93326E3F24300FBC41E /* SceneDelegate.swift */; };
		A583C93626E3F24300FBC41E /* MainViewController.swift in Sources */ = {isa = PBXBuildFile; fileRef = A583C93526E3F24300FBC41E /* MainViewController.swift */; };
		A583C93926E3F24300FBC41E /* Main.storyboard in Resources */ = {isa = PBXBuildFile; fileRef = A583C93726E3F24300FBC41E /* Main.storyboard */; };
		A583C93B26E3F24600FBC41E /* Assets.xcassets in Resources */ = {isa = PBXBuildFile; fileRef = A583C93A26E3F24600FBC41E /* Assets.xcassets */; };
		A583C93E26E3F24600FBC41E /* LaunchScreen.storyboard in Resources */ = {isa = PBXBuildFile; fileRef = A583C93C26E3F24600FBC41E /* LaunchScreen.storyboard */; };
		A583C94A26E4071400FBC41E /* SettingsViewController.swift in Sources */ = {isa = PBXBuildFile; fileRef = A583C94926E4071400FBC41E /* SettingsViewController.swift */; };
/* End PBXBuildFile section */

/* Begin PBXFileReference section */
		A583C92E26E3F24300FBC41E /* ColorAppWithSettings.app */ = {isa = PBXFileReference; explicitFileType = wrapper.application; includeInIndex = 0; path = ColorAppWithSettings.app; sourceTree = BUILT_PRODUCTS_DIR; };
		A583C93126E3F24300FBC41E /* AppDelegate.swift */ = {isa = PBXFileReference; lastKnownFileType = sourcecode.swift; path = AppDelegate.swift; sourceTree = "<group>"; };
		A583C93326E3F24300FBC41E /* SceneDelegate.swift */ = {isa = PBXFileReference; lastKnownFileType = sourcecode.swift; path = SceneDelegate.swift; sourceTree = "<group>"; };
		A583C93526E3F24300FBC41E /* MainViewController.swift */ = {isa = PBXFileReference; lastKnownFileType = sourcecode.swift; path = MainViewController.swift; sourceTree = "<group>"; };
		A583C93826E3F24300FBC41E /* Base */ = {isa = PBXFileReference; lastKnownFileType = file.storyboard; name = Base; path = Base.lproj/Main.storyboard; sourceTree = "<group>"; };
		A583C93A26E3F24600FBC41E /* Assets.xcassets */ = {isa = PBXFileReference; lastKnownFileType = folder.assetcatalog; path = Assets.xcassets; sourceTree = "<group>"; };
		A583C93D26E3F24600FBC41E /* Base */ = {isa = PBXFileReference; lastKnownFileType = file.storyboard; name = Base; path = Base.lproj/LaunchScreen.storyboard; sourceTree = "<group>"; };
		A583C93F26E3F24600FBC41E /* Info.plist */ = {isa = PBXFileReference; lastKnownFileType = text.plist.xml; path = Info.plist; sourceTree = "<group>"; };
		A583C94926E4071400FBC41E /* SettingsViewController.swift */ = {isa = PBXFileReference; lastKnownFileType = sourcecode.swift; path = SettingsViewController.swift; sourceTree = "<group>"; };
/* End PBXFileReference section */

/* Begin PBXFrameworksBuildPhase section */
		A583C92B26E3F24300FBC41E /* Frameworks */ = {
			isa = PBXFrameworksBuildPhase;
			buildActionMask = 2147483647;
			files = (
			);
			runOnlyForDeploymentPostprocessing = 0;
		};
/* End PBXFrameworksBuildPhase section */

/* Begin PBXGroup section */
		A583C92526E3F24300FBC41E = {
			isa = PBXGroup;
			children = (
				A583C93026E3F24300FBC41E /* ColorAppWithSettings */,
				A583C92F26E3F24300FBC41E /* Products */,
			);
			sourceTree = "<group>";
		};
		A583C92F26E3F24300FBC41E /* Products */ = {
			isa = PBXGroup;
			children = (
				A583C92E26E3F24300FBC41E /* ColorAppWithSettings.app */,
			);
			name = Products;
			sourceTree = "<group>";
		};
		A583C93026E3F24300FBC41E /* ColorAppWithSettings */ = {
			isa = PBXGroup;
			children = (
				A583C94626E3F4EB00FBC41E /* Sroryboards */,
				A583C94526E3F4B300FBC41E /* ViewControllers */,
				A583C94826E3F52000FBC41E /* App */,
				A583C94726E3F51400FBC41E /* Resourses */,
			);
			path = ColorAppWithSettings;
			sourceTree = "<group>";
		};
		A583C94526E3F4B300FBC41E /* ViewControllers */ = {
			isa = PBXGroup;
			children = (
				A583C93526E3F24300FBC41E /* MainViewController.swift */,
				A583C94926E4071400FBC41E /* SettingsViewController.swift */,
			);
			path = ViewControllers;
			sourceTree = "<group>";
		};
		A583C94626E3F4EB00FBC41E /* Sroryboards */ = {
			isa = PBXGroup;
			children = (
				A583C93726E3F24300FBC41E /* Main.storyboard */,
				A583C93C26E3F24600FBC41E /* LaunchScreen.storyboard */,
			);
			path = Sroryboards;
			sourceTree = "<group>";
		};
		A583C94726E3F51400FBC41E /* Resourses */ = {
			isa = PBXGroup;
			children = (
				A583C93A26E3F24600FBC41E /* Assets.xcassets */,
			);
			path = Resourses;
			sourceTree = "<group>";
		};
		A583C94826E3F52000FBC41E /* App */ = {
			isa = PBXGroup;
			children = (
				A583C93126E3F24300FBC41E /* AppDelegate.swift */,
				A583C93326E3F24300FBC41E /* SceneDelegate.swift */,
				A583C93F26E3F24600FBC41E /* Info.plist */,
			);
			path = App;
			sourceTree = "<group>";
		};
/* End PBXGroup section */

/* Begin PBXNativeTarget section */
		A583C92D26E3F24300FBC41E /* ColorAppWithSettings */ = {
			isa = PBXNativeTarget;
			buildConfigurationList = A583C94226E3F24600FBC41E /* Build configuration list for PBXNativeTarget "ColorAppWithSettings" */;
			buildPhases = (
				A583C92A26E3F24300FBC41E /* Sources */,
				A583C92B26E3F24300FBC41E /* Frameworks */,
				A583C92C26E3F24300FBC41E /* Resources */,
			);
			buildRules = (
			);
			dependencies = (
			);
			name = ColorAppWithSettings;
			productName = ColorAppWithSettings;
			productReference = A583C92E26E3F24300FBC41E /* ColorAppWithSettings.app */;
			productType = "com.apple.product-type.application";
		};
/* End PBXNativeTarget section */

/* Begin PBXProject section */
		A583C92626E3F24300FBC41E /* Project object */ = {
			isa = PBXProject;
			attributes = {
				LastSwiftUpdateCheck = 1250;
				LastUpgradeCheck = 1250;
				TargetAttributes = {
					A583C92D26E3F24300FBC41E = {
						CreatedOnToolsVersion = 12.5.1;
					};
				};
			};
			buildConfigurationList = A583C92926E3F24300FBC41E /* Build configuration list for PBXProject "ColorAppWithSettings" */;
			compatibilityVersion = "Xcode 9.3";
			developmentRegion = en;
			hasScannedForEncodings = 0;
			knownRegions = (
				en,
				Base,
			);
			mainGroup = A583C92526E3F24300FBC41E;
			productRefGroup = A583C92F26E3F24300FBC41E /* Products */;
			projectDirPath = "";
			projectRoot = "";
			targets = (
				A583C92D26E3F24300FBC41E /* ColorAppWithSettings */,
			);
		};
/* End PBXProject section */

/* Begin PBXResourcesBuildPhase section */
		A583C92C26E3F24300FBC41E /* Resources */ = {
			isa = PBXResourcesBuildPhase;
			buildActionMask = 2147483647;
			files = (
				A583C93E26E3F24600FBC41E /* LaunchScreen.storyboard in Resources */,
				A583C93B26E3F24600FBC41E /* Assets.xcassets in Resources */,
				A583C93926E3F24300FBC41E /* Main.storyboard in Resources */,
			);
			runOnlyForDeploymentPostprocessing = 0;
		};
/* End PBXResourcesBuildPhase section */

/* Begin PBXSourcesBuildPhase section */
		A583C92A26E3F24300FBC41E /* Sources */ = {
			isa = PBXSourcesBuildPhase;
			buildActionMask = 2147483647;
			files = (
				A583C93626E3F24300FBC41E /* MainViewController.swift in Sources */,
				A583C93226E3F24300FBC41E /* AppDelegate.swift in Sources */,
				A583C93426E3F24300FBC41E /* SceneDelegate.swift in Sources */,
				A583C94A26E4071400FBC41E /* SettingsViewController.swift in Sources */,
			);
			runOnlyForDeploymentPostprocessing = 0;
		};
/* End PBXSourcesBuildPhase section */

/* Begin PBXVariantGroup section */
		A583C93726E3F24300FBC41E /* Main.storyboard */ = {
			isa = PBXVariantGroup;
			children = (
				A583C93826E3F24300FBC41E /* Base */,
			);
			name = Main.storyboard;
			sourceTree = "<group>";
		};
		A583C93C26E3F24600FBC41E /* LaunchScreen.storyboard */ = {
			isa = PBXVariantGroup;
			children = (
				A583C93D26E3F24600FBC41E /* Base */,
			);
			name = LaunchScreen.storyboard;
			sourceTree = "<group>";
		};
/* End PBXVariantGroup section */

/* Begin XCBuildConfiguration section */
		A583C94026E3F24600FBC41E /* Debug */ = {
			isa = XCBuildConfiguration;
			buildSettings = {
				ALWAYS_SEARCH_USER_PATHS = NO;
				CLANG_ANALYZER_NONNULL = YES;
				CLANG_ANALYZER_NUMBER_OBJECT_CONVERSION = YES_AGGRESSIVE;
				CLANG_CXX_LANGUAGE_STANDARD = "gnu++14";
				CLANG_CXX_LIBRARY = "libc++";
				CLANG_ENABLE_MODULES = YES;
				CLANG_ENABLE_OBJC_ARC = YES;
				CLANG_ENABLE_OBJC_WEAK = YES;
				CLANG_WARN_BLOCK_CAPTURE_AUTORELEASING = YES;
				CLANG_WARN_BOOL_CONVERSION = YES;
				CLANG_WARN_COMMA = YES;
				CLANG_WARN_CONSTANT_CONVERSION = YES;
				CLANG_WARN_DEPRECATED_OBJC_IMPLEMENTATIONS = YES;
				CLANG_WARN_DIRECT_OBJC_ISA_USAGE = YES_ERROR;
				CLANG_WARN_DOCUMENTATION_COMMENTS = YES;
				CLANG_WARN_EMPTY_BODY = YES;
				CLANG_WARN_ENUM_CONVERSION = YES;
				CLANG_WARN_INFINITE_RECURSION = YES;
				CLANG_WARN_INT_CONVERSION = YES;
				CLANG_WARN_NON_LITERAL_NULL_CONVERSION = YES;
				CLANG_WARN_OBJC_IMPLICIT_RETAIN_SELF = YES;
				CLANG_WARN_OBJC_LITERAL_CONVERSION = YES;
				CLANG_WARN_OBJC_ROOT_CLASS = YES_ERROR;
				CLANG_WARN_QUOTED_INCLUDE_IN_FRAMEWORK_HEADER = YES;
				CLANG_WARN_RANGE_LOOP_ANALYSIS = YES;
				CLANG_WARN_STRICT_PROTOTYPES = YES;
				CLANG_WARN_SUSPICIOUS_MOVE = YES;
				CLANG_WARN_UNGUARDED_AVAILABILITY = YES_AGGRESSIVE;
				CLANG_WARN_UNREACHABLE_CODE = YES;
				CLANG_WARN__DUPLICATE_METHOD_MATCH = YES;
				COPY_PHASE_STRIP = NO;
				DEBUG_INFORMATION_FORMAT = dwarf;
				ENABLE_STRICT_OBJC_MSGSEND = YES;
				ENABLE_TESTABILITY = YES;
				GCC_C_LANGUAGE_STANDARD = gnu11;
				GCC_DYNAMIC_NO_PIC = NO;
				GCC_NO_COMMON_BLOCKS = YES;
				GCC_OPTIMIZATION_LEVEL = 0;
				GCC_PREPROCESSOR_DEFINITIONS = (
					"DEBUG=1",
					"$(inherited)",
				);
				GCC_WARN_64_TO_32_BIT_CONVERSION = YES;
				GCC_WARN_ABOUT_RETURN_TYPE = YES_ERROR;
				GCC_WARN_UNDECLARED_SELECTOR = YES;
				GCC_WARN_UNINITIALIZED_AUTOS = YES_AGGRESSIVE;
				GCC_WARN_UNUSED_FUNCTION = YES;
				GCC_WARN_UNUSED_VARIABLE = YES;
				IPHONEOS_DEPLOYMENT_TARGET = 14.5;
				MTL_ENABLE_DEBUG_INFO = INCLUDE_SOURCE;
				MTL_FAST_MATH = YES;
				ONLY_ACTIVE_ARCH = YES;
				SDKROOT = iphoneos;
				SWIFT_ACTIVE_COMPILATION_CONDITIONS = DEBUG;
				SWIFT_OPTIMIZATION_LEVEL = "-Onone";
			};
			name = Debug;
		};
		A583C94126E3F24600FBC41E /* Release */ = {
			isa = XCBuildConfiguration;
			buildSettings = {
				ALWAYS_SEARCH_USER_PATHS = NO;
				CLANG_ANALYZER_NONNULL = YES;
				CLANG_ANALYZER_NUMBER_OBJECT_CONVERSION = YES_AGGRESSIVE;
				CLANG_CXX_LANGUAGE_STANDARD = "gnu++14";
				CLANG_CXX_LIBRARY = "libc++";
				CLANG_ENABLE_MODULES = YES;
				CLANG_ENABLE_OBJC_ARC = YES;
				CLANG_ENABLE_OBJC_WEAK = YES;
				CLANG_WARN_BLOCK_CAPTURE_AUTORELEASING = YES;
				CLANG_WARN_BOOL_CONVERSION = YES;
				CLANG_WARN_COMMA = YES;
				CLANG_WARN_CONSTANT_CONVERSION = YES;
				CLANG_WARN_DEPRECATED_OBJC_IMPLEMENTATIONS = YES;
				CLANG_WARN_DIRECT_OBJC_ISA_USAGE = YES_ERROR;
				CLANG_WARN_DOCUMENTATION_COMMENTS = YES;
				CLANG_WARN_EMPTY_BODY = YES;
				CLANG_WARN_ENUM_CONVERSION = YES;
				CLANG_WARN_INFINITE_RECURSION = YES;
				CLANG_WARN_INT_CONVERSION = YES;
				CLANG_WARN_NON_LITERAL_NULL_CONVERSION = YES;
				CLANG_WARN_OBJC_IMPLICIT_RETAIN_SELF = YES;
				CLANG_WARN_OBJC_LITERAL_CONVERSION = YES;
				CLANG_WARN_OBJC_ROOT_CLASS = YES_ERROR;
				CLANG_WARN_QUOTED_INCLUDE_IN_FRAMEWORK_HEADER = YES;
				CLANG_WARN_RANGE_LOOP_ANALYSIS = YES;
				CLANG_WARN_STRICT_PROTOTYPES = YES;
				CLANG_WARN_SUSPICIOUS_MOVE = YES;
				CLANG_WARN_UNGUARDED_AVAILABILITY = YES_AGGRESSIVE;
				CLANG_WARN_UNREACHABLE_CODE = YES;
				CLANG_WARN__DUPLICATE_METHOD_MATCH = YES;
				COPY_PHASE_STRIP = NO;
				DEBUG_INFORMATION_FORMAT = "dwarf-with-dsym";
				ENABLE_NS_ASSERTIONS = NO;
				ENABLE_STRICT_OBJC_MSGSEND = YES;
				GCC_C_LANGUAGE_STANDARD = gnu11;
				GCC_NO_COMMON_BLOCKS = YES;
				GCC_WARN_64_TO_32_BIT_CONVERSION = YES;
				GCC_WARN_ABOUT_RETURN_TYPE = YES_ERROR;
				GCC_WARN_UNDECLARED_SELECTOR = YES;
				GCC_WARN_UNINITIALIZED_AUTOS = YES_AGGRESSIVE;
				GCC_WARN_UNUSED_FUNCTION = YES;
				GCC_WARN_UNUSED_VARIABLE = YES;
				IPHONEOS_DEPLOYMENT_TARGET = 14.5;
				MTL_ENABLE_DEBUG_INFO = NO;
				MTL_FAST_MATH = YES;
				SDKROOT = iphoneos;
				SWIFT_COMPILATION_MODE = wholemodule;
				SWIFT_OPTIMIZATION_LEVEL = "-O";
				VALIDATE_PRODUCT = YES;
			};
			name = Release;
		};
		A583C94326E3F24600FBC41E /* Debug */ = {
			isa = XCBuildConfiguration;
			buildSettings = {
				ASSETCATALOG_COMPILER_APPICON_NAME = AppIcon;
				ASSETCATALOG_COMPILER_GLOBAL_ACCENT_COLOR_NAME = AccentColor;
				CODE_SIGN_STYLE = Automatic;
				DEVELOPMENT_TEAM = K242QA4C2Z;
				INFOPLIST_FILE = ColorAppWithSettings/App/Info.plist;
				LD_RUNPATH_SEARCH_PATHS = (
					"$(inherited)",
					"@executable_path/Frameworks",
				);
				PRODUCT_BUNDLE_IDENTIFIER = Maria.Karpukhina.ColorAppWithSettings;
				PRODUCT_NAME = "$(TARGET_NAME)";
				SWIFT_VERSION = 5.0;
				TARGETED_DEVICE_FAMILY = 1;
			};
			name = Debug;
		};
		A583C94426E3F24600FBC41E /* Release */ = {
			isa = XCBuildConfiguration;
			buildSettings = {
				ASSETCATALOG_COMPILER_APPICON_NAME = AppIcon;
				ASSETCATALOG_COMPILER_GLOBAL_ACCENT_COLOR_NAME = AccentColor;
				CODE_SIGN_STYLE = Automatic;
				DEVELOPMENT_TEAM = K242QA4C2Z;
				INFOPLIST_FILE = ColorAppWithSettings/App/Info.plist;
				LD_RUNPATH_SEARCH_PATHS = (
					"$(inherited)",
					"@executable_path/Frameworks",
				);
				PRODUCT_BUNDLE_IDENTIFIER = Maria.Karpukhina.ColorAppWithSettings;
				PRODUCT_NAME = "$(TARGET_NAME)";
				SWIFT_VERSION = 5.0;
				TARGETED_DEVICE_FAMILY = 1;
			};
			name = Release;
		};
/* End XCBuildConfiguration section */

/* Begin XCConfigurationList section */
		A583C92926E3F24300FBC41E /* Build configuration list for PBXProject "ColorAppWithSettings" */ = {
			isa = XCConfigurationList;
			buildConfigurations = (
				A583C94026E3F24600FBC41E /* Debug */,
				A583C94126E3F24600FBC41E /* Release */,
			);
			defaultConfigurationIsVisible = 0;
			defaultConfigurationName = Release;
		};
		A583C94226E3F24600FBC41E /* Build configuration list for PBXNativeTarget "ColorAppWithSettings" */ = {
			isa = XCConfigurationList;
			buildConfigurations = (
				A583C94326E3F24600FBC41E /* Debug */,
				A583C94426E3F24600FBC41E /* Release */,
			);
			defaultConfigurationIsVisible = 0;
			defaultConfigurationName = Release;
		};
/* End XCConfigurationList section */
	};
	rootObject = A583C92626E3F24300FBC41E /* Project object */;
}
